{
  "nodes": {
    "flake-compat": {
      "flake": false,
      "locked": {
        "lastModified": 1606424373,
        "narHash": "sha256-oq8d4//CJOrVj+EcOaSXvMebvuTkmBJuT5tzlfewUnQ=",
        "owner": "edolstra",
        "repo": "flake-compat",
        "rev": "99f1c2157fba4bfe6211a321fd0ee43199025dbf",
        "type": "github"
      },
      "original": {
        "owner": "edolstra",
        "repo": "flake-compat",
        "type": "github"
      }
    },
    "flake-utils": {
      "locked": {
        "lastModified": 1610051610,
        "narHash": "sha256-U9rPz/usA1/Aohhk7Cmc2gBrEEKRzcW4nwPWMPwja4Y=",
        "owner": "numtide",
        "repo": "flake-utils",
        "rev": "3982c9903e93927c2164caa727cd3f6a0e6d14cc",
        "type": "github"
      },
      "original": {
        "owner": "numtide",
        "repo": "flake-utils",
        "type": "github"
      }
    },
    "home-manager": {
      "inputs": {
        "nixpkgs": [
          "nixpkgs"
        ]
      },
      "locked": {
        "lastModified": 1620692082,
        "narHash": "sha256-s/eBXs4OI47yPWNTKoAg4f/H7wMLyO+VEMmobXkzfI8=",
        "owner": "nix-community",
        "repo": "home-manager",
        "rev": "23769994e8f7b212d9a257799173b120ed87736b",
        "type": "github"
      },
      "original": {
        "owner": "nix-community",
        "repo": "home-manager",
        "type": "github"
      }
    },
    "neovim-flake": {
      "inputs": {
        "flake-utils": "flake-utils",
        "nixpkgs": [
          "nixpkgs"
        ]
      },
      "locked": {
        "dir": "contrib",
        "lastModified": 1620779525,
        "narHash": "sha256-k4ePrffhuZoSDqZMOMHx1Rb/ehd6cjvJvc/Wh9Wr8Rg=",
        "owner": "neovim",
        "repo": "neovim",
        "rev": "61aefaf2993c0b55f6123ba4b0bd41b1caf1fcd3",
        "type": "github"
      },
      "original": {
        "dir": "contrib",
        "owner": "neovim",
        "repo": "neovim",
        "type": "github"
      }
    },
    "neovim-nightly-overlay": {
      "inputs": {
        "flake-compat": "flake-compat",
        "neovim-flake": "neovim-flake",
        "nixpkgs": [
          "nixpkgs"
        ]
      },
      "locked": {
        "lastModified": 1620807222,
        "narHash": "sha256-7BW0sFQMXvs/BZPIKqfvgX+xMKF5M3TQajBARKoVNyg=",
        "owner": "nix-community",
        "repo": "neovim-nightly-overlay",
        "rev": "390d6e15256b7c87d5b41085896365588d49ecd4",
        "type": "github"
      },
      "original": {
        "owner": "nix-community",
        "repo": "neovim-nightly-overlay",
        "type": "github"
      }
    },
    "nixpkgs": {
      "locked": {
        "lastModified": 1620741912,
        "narHash": "sha256-TvAEtovofPE7CQiRt2+LNmn2qeCMF1gLXAfs34a0zqA=",
        "owner": "nixos",
        "repo": "nixpkgs",
        "rev": "ca26ea50d66737922d0edfaaf07449576ece7f8c",
        "type": "github"
      },
      "original": {
        "owner": "nixos",
        "ref": "nixos-unstable",
        "repo": "nixpkgs",
        "type": "github"
      }
    },
    "nur": {
      "locked": {
        "lastModified": 1620844966,
        "narHash": "sha256-CrTFpHOp71NUbv9tKmVZ5idgEbleMK7XoIQv3bcvBmE=",
        "owner": "nix-community",
        "repo": "nur",
        "rev": "258c685d1e2796855524427ccf6f0a65461443e4",
        "type": "github"
      },
      "original": {
        "owner": "nix-community",
        "repo": "nur",
        "type": "github"
      }
    },
    "root": {
      "inputs": {
        "home-manager": "home-manager",
        "neovim-nightly-overlay": "neovim-nightly-overlay",
        "nixpkgs": "nixpkgs",
        "nur": "nur"
      }
    }
  },
  "root": "root",
  "version": 7
}
