{
  "nodes": {
    "fenix": {
      "inputs": {
        "nixpkgs": "nixpkgs",
        "rust-analyzer-src": "rust-analyzer-src"
      },
      "locked": {
        "lastModified": 1627353019,
        "narHash": "sha256-uXcO1UYdZZDzf5x2YLnwEowz/7ZXWQ6XOXoc9LmV1OE=",
        "owner": "nix-community",
        "repo": "fenix",
        "rev": "568807952c1bb1fa59e3526c329b4a6cc4749f67",
        "type": "github"
      },
      "original": {
        "owner": "nix-community",
        "repo": "fenix",
        "type": "github"
      }
    },
    "fenix_2": {
      "inputs": {
        "nixpkgs": [
          "nixpkgs"
        ],
        "rust-analyzer-src": "rust-analyzer-src_2"
      },
      "locked": {
        "lastModified": 1626661677,
        "narHash": "sha256-/CdA9pwjKr0H0s9kFiWX/fvGLeHo26ZzcIe+f0YlBtU=",
        "owner": "nix-community",
        "repo": "fenix",
        "rev": "d57fb9f721dca3f592f537f934fe28c8667dc1a6",
        "type": "github"
      },
      "original": {
        "owner": "nix-community",
        "repo": "fenix",
        "type": "github"
      }
    },
    "flake-utils": {
      "locked": {
        "lastModified": 1623875721,
        "narHash": "sha256-A8BU7bjS5GirpAUv4QA+QnJ4CceLHkcXdRp4xITDB0s=",
        "owner": "numtide",
        "repo": "flake-utils",
        "rev": "f7e004a55b120c02ecb6219596820fcd32ca8772",
        "type": "github"
      },
      "original": {
        "owner": "numtide",
        "repo": "flake-utils",
        "type": "github"
      }
    },
    "home-manager": {
      "inputs": {
        "nixpkgs": [
          "nixpkgs"
        ]
      },
      "locked": {
        "lastModified": 1627394390,
        "narHash": "sha256-f15pTRk9dKrs+xQOM2CK6INA61qriExpOsYwcvShM48=",
        "owner": "nix-community",
        "repo": "home-manager",
        "rev": "47ad3655ec804ce250f391567ea57e7eb1bbbdf7",
        "type": "github"
      },
      "original": {
        "owner": "nix-community",
        "repo": "home-manager",
        "type": "github"
      }
    },
    "nixpkgs": {
      "locked": {
        "lastModified": 1627128856,
        "narHash": "sha256-yw3lA8zyNFhj309lmxvNByEEymRT1rRy5oE+jEPnsP4=",
        "owner": "nixos",
        "repo": "nixpkgs",
        "rev": "dd14e5d78e90a2ccd6007e569820de9b4861a6c2",
        "type": "github"
      },
      "original": {
        "owner": "nixos",
        "ref": "nixos-unstable",
        "repo": "nixpkgs",
        "type": "github"
      }
    },
    "nixpkgs_2": {
      "locked": {
        "lastModified": 1627128856,
        "narHash": "sha256-yw3lA8zyNFhj309lmxvNByEEymRT1rRy5oE+jEPnsP4=",
        "owner": "nixos",
        "repo": "nixpkgs",
        "rev": "dd14e5d78e90a2ccd6007e569820de9b4861a6c2",
        "type": "github"
      },
      "original": {
        "owner": "nixos",
        "ref": "nixos-unstable",
        "repo": "nixpkgs",
        "type": "github"
      }
    },
    "nixpkgs_3": {
      "locked": {
        "lastModified": 1626653641,
        "narHash": "sha256-A/R+2+tPToPlYtORjx57WxklHIwkC698Fj03jpPG3/8=",
        "owner": "nixos",
        "repo": "nixpkgs",
        "rev": "56a017774e2992a6592e1ed811ab1b79126c6bba",
        "type": "github"
      },
      "original": {
        "owner": "nixos",
        "ref": "nixos-unstable-small",
        "repo": "nixpkgs",
        "type": "github"
      }
    },
    "root": {
      "inputs": {
        "fenix": "fenix",
        "home-manager": "home-manager",
        "nixpkgs": "nixpkgs_2",
        "tangram": "tangram"
      }
    },
    "rust-analyzer-src": {
      "flake": false,
      "locked": {
        "lastModified": 1627338215,
        "narHash": "sha256-O76nn7wggNfejawurJL7sCe2NX+XKt3Efm+hAtxsOBs=",
        "owner": "rust-analyzer",
        "repo": "rust-analyzer",
        "rev": "9ca81edb7ce2e301234e3dafd7ecc35d398db603",
        "type": "github"
      },
      "original": {
        "owner": "rust-analyzer",
        "ref": "nightly",
        "repo": "rust-analyzer",
        "type": "github"
      }
    },
    "rust-analyzer-src_2": {
      "flake": false,
      "locked": {
        "lastModified": 1626599456,
        "narHash": "sha256-utniT8Oq1XtS0NZz1LJm3gGp46UP7pNxDGzURKmnz9Y=",
        "owner": "rust-analyzer",
        "repo": "rust-analyzer",
        "rev": "ea105f9396a9dab68e71efb06016b7c76c83ba7c",
        "type": "github"
      },
      "original": {
        "owner": "rust-analyzer",
        "ref": "nightly",
        "repo": "rust-analyzer",
        "type": "github"
      }
    },
    "tangram": {
      "inputs": {
        "fenix": "fenix_2",
        "flake-utils": "flake-utils",
        "nixpkgs": "nixpkgs_3"
      },
      "locked": {
        "lastModified": 1626743504,
        "narHash": "sha256-ePRA3vQxNXWOffwZGIvcpNcVjm894JxredrEzkSY8dI=",
        "owner": "tangramdotdev",
        "repo": "tangram",
        "rev": "89bc5f581d5357d9979573f23296e3abb1b54b73",
        "type": "github"
      },
      "original": {
        "owner": "tangramdotdev",
        "ref": "v0.6.0",
        "repo": "tangram",
        "type": "github"
      }
    }
  },
  "root": "root",
  "version": 7
}
